
Microsoft Visual Studio Solution File, Format Version 12.00
# Visual Studio 2013
VisualStudioVersion = 12.0.31101.0
MinimumVisualStudioVersion = 10.0.40219.1
Project("{FAE04EC0-301F-11D3-BF4B-00C04F79EFBC}") = "AOP-Test", "AOP-Test\AOP-Test.csproj", "{A7C8ACC5-E2AC-4B0F-8D64-A20A04C4CECE}"
EndProject
Global
	GlobalSection(SolutionConfigurationPlatforms) = preSolution
		Debug|Any CPU = Debug|Any CPU
		Release|Any CPU = Release|Any CPU
	EndGlobalSection
	GlobalSection(ProjectConfigurationPlatforms) = postSolution
		{A7C8ACC5-E2AC-4B0F-8D64-A20A04C4CECE}.Debug|Any CPU.ActiveCfg = Debug|Any CPU
		{A7C8ACC5-E2AC-4B0F-8D64-A20A04C4CECE}.Debug|Any CPU.Build.0 = Debug|Any CPU
		{A7C8ACC5-E2AC-4B0F-8D64-A20A04C4CECE}.Release|Any CPU.ActiveCfg = Release|Any CPU
		{A7C8ACC5-E2AC-4B0F-8D64-A20A04C4CECE}.Release|Any CPU.Build.0 = Release|Any CPU
	EndGlobalSection
	GlobalSection(SolutionProperties) = preSolution
		HideSolutionNode = FALSE
	EndGlobalSection
EndGlobal
